// !$*UTF8*$!
{
	archiveVersion = 1;
	classes = {
	};
	objectVersion = 50;
	objects = {

/* Begin PBXBuildFile section */
		3A2EEA0123184CE30074EF79 /* AppDelegate.swift in Sources */ = {isa = PBXBuildFile; fileRef = 3A2EEA0023184CE30074EF79 /* AppDelegate.swift */; };
		3A2EEA0323184CE30074EF79 /* StarWarsViewController.swift in Sources */ = {isa = PBXBuildFile; fileRef = 3A2EEA0223184CE30074EF79 /* StarWarsViewController.swift */; };
		3A2EEA0623184CE30074EF79 /* Main.storyboard in Resources */ = {isa = PBXBuildFile; fileRef = 3A2EEA0423184CE30074EF79 /* Main.storyboard */; };
		3A2EEA0823184CE50074EF79 /* Assets.xcassets in Resources */ = {isa = PBXBuildFile; fileRef = 3A2EEA0723184CE50074EF79 /* Assets.xcassets */; };
		3A2EEA0B23184CE50074EF79 /* LaunchScreen.storyboard in Resources */ = {isa = PBXBuildFile; fileRef = 3A2EEA0923184CE50074EF79 /* LaunchScreen.storyboard */; };
		3A2EEA1623184CE50074EF79 /* IntroToUnitTestingLabTests.swift in Sources */ = {isa = PBXBuildFile; fileRef = 3A2EEA1523184CE50074EF79 /* IntroToUnitTestingLabTests.swift */; };
		3A2EEA2123184CE50074EF79 /* IntroToUnitTestingLabUITests.swift in Sources */ = {isa = PBXBuildFile; fileRef = 3A2EEA2023184CE50074EF79 /* IntroToUnitTestingLabUITests.swift */; };
		3A2EEA2F23184DAD0074EF79 /* TriviaViewController.swift in Sources */ = {isa = PBXBuildFile; fileRef = 3A2EEA2E23184DAD0074EF79 /* TriviaViewController.swift */; };
		3A2EEA3223184E050074EF79 /* JokesViewController.swift in Sources */ = {isa = PBXBuildFile; fileRef = 3A2EEA3123184E050074EF79 /* JokesViewController.swift */; };
		3A2EEA3423184EAB0074EF79 /* jokes.json in Resources */ = {isa = PBXBuildFile; fileRef = 3A2EEA3323184EAB0074EF79 /* jokes.json */; };
		3A2EEA3823184EE00074EF79 /* JokesModel.swift in Sources */ = {isa = PBXBuildFile; fileRef = 3A2EEA3723184EE00074EF79 /* JokesModel.swift */; };
		3A2EEA3C23185F290074EF79 /* JokesDetailVC.swift in Sources */ = {isa = PBXBuildFile; fileRef = 3A2EEA3B23185F290074EF79 /* JokesDetailVC.swift */; };
/* End PBXBuildFile section */

/* Begin PBXContainerItemProxy section */
		3A2EEA1223184CE50074EF79 /* PBXContainerItemProxy */ = {
			isa = PBXContainerItemProxy;
			containerPortal = 3A2EE9F523184CE30074EF79 /* Project object */;
			proxyType = 1;
			remoteGlobalIDString = 3A2EE9FC23184CE30074EF79;
			remoteInfo = IntroToUnitTestingLab;
		};
		3A2EEA1D23184CE50074EF79 /* PBXContainerItemProxy */ = {
			isa = PBXContainerItemProxy;
			containerPortal = 3A2EE9F523184CE30074EF79 /* Project object */;
			proxyType = 1;
			remoteGlobalIDString = 3A2EE9FC23184CE30074EF79;
			remoteInfo = IntroToUnitTestingLab;
		};
/* End PBXContainerItemProxy section */

/* Begin PBXFileReference section */
		3A2EE9FD23184CE30074EF79 /* IntroToUnitTestingLab.app */ = {isa = PBXFileReference; explicitFileType = wrapper.application; includeInIndex = 0; path = IntroToUnitTestingLab.app; sourceTree = BUILT_PRODUCTS_DIR; };
		3A2EEA0023184CE30074EF79 /* AppDelegate.swift */ = {isa = PBXFileReference; lastKnownFileType = sourcecode.swift; path = AppDelegate.swift; sourceTree = "<group>"; };
		3A2EEA0223184CE30074EF79 /* StarWarsViewController.swift */ = {isa = PBXFileReference; lastKnownFileType = sourcecode.swift; path = StarWarsViewController.swift; sourceTree = "<group>"; };
		3A2EEA0523184CE30074EF79 /* Base */ = {isa = PBXFileReference; lastKnownFileType = file.storyboard; name = Base; path = Base.lproj/Main.storyboard; sourceTree = "<group>"; };
		3A2EEA0723184CE50074EF79 /* Assets.xcassets */ = {isa = PBXFileReference; lastKnownFileType = folder.assetcatalog; path = Assets.xcassets; sourceTree = "<group>"; };
		3A2EEA0A23184CE50074EF79 /* Base */ = {isa = PBXFileReference; lastKnownFileType = file.storyboard; name = Base; path = Base.lproj/LaunchScreen.storyboard; sourceTree = "<group>"; };
		3A2EEA0C23184CE50074EF79 /* Info.plist */ = {isa = PBXFileReference; lastKnownFileType = text.plist.xml; path = Info.plist; sourceTree = "<group>"; };
		3A2EEA1123184CE50074EF79 /* IntroToUnitTestingLabTests.xctest */ = {isa = PBXFileReference; explicitFileType = wrapper.cfbundle; includeInIndex = 0; path = IntroToUnitTestingLabTests.xctest; sourceTree = BUILT_PRODUCTS_DIR; };
		3A2EEA1523184CE50074EF79 /* IntroToUnitTestingLabTests.swift */ = {isa = PBXFileReference; lastKnownFileType = sourcecode.swift; path = IntroToUnitTestingLabTests.swift; sourceTree = "<group>"; };
		3A2EEA1723184CE50074EF79 /* Info.plist */ = {isa = PBXFileReference; lastKnownFileType = text.plist.xml; path = Info.plist; sourceTree = "<group>"; };
		3A2EEA1C23184CE50074EF79 /* IntroToUnitTestingLabUITests.xctest */ = {isa = PBXFileReference; explicitFileType = wrapper.cfbundle; includeInIndex = 0; path = IntroToUnitTestingLabUITests.xctest; sourceTree = BUILT_PRODUCTS_DIR; };
		3A2EEA2023184CE50074EF79 /* IntroToUnitTestingLabUITests.swift */ = {isa = PBXFileReference; lastKnownFileType = sourcecode.swift; path = IntroToUnitTestingLabUITests.swift; sourceTree = "<group>"; };
		3A2EEA2223184CE50074EF79 /* Info.plist */ = {isa = PBXFileReference; lastKnownFileType = text.plist.xml; path = Info.plist; sourceTree = "<group>"; };
		3A2EEA2E23184DAD0074EF79 /* TriviaViewController.swift */ = {isa = PBXFileReference; lastKnownFileType = sourcecode.swift; path = TriviaViewController.swift; sourceTree = "<group>"; };
		3A2EEA3123184E050074EF79 /* JokesViewController.swift */ = {isa = PBXFileReference; lastKnownFileType = sourcecode.swift; path = JokesViewController.swift; sourceTree = "<group>"; };
		3A2EEA3323184EAB0074EF79 /* jokes.json */ = {isa = PBXFileReference; fileEncoding = 4; lastKnownFileType = text.json; path = jokes.json; sourceTree = "<group>"; };
		3A2EEA3723184EE00074EF79 /* JokesModel.swift */ = {isa = PBXFileReference; lastKnownFileType = sourcecode.swift; path = JokesModel.swift; sourceTree = "<group>"; };
		3A2EEA3B23185F290074EF79 /* JokesDetailVC.swift */ = {isa = PBXFileReference; lastKnownFileType = sourcecode.swift; path = JokesDetailVC.swift; sourceTree = "<group>"; };
/* End PBXFileReference section */

/* Begin PBXFrameworksBuildPhase section */
		3A2EE9FA23184CE30074EF79 /* Frameworks */ = {
			isa = PBXFrameworksBuildPhase;
			buildActionMask = 2147483647;
			files = (
			);
			runOnlyForDeploymentPostprocessing = 0;
		};
		3A2EEA0E23184CE50074EF79 /* Frameworks */ = {
			isa = PBXFrameworksBuildPhase;
			buildActionMask = 2147483647;
			files = (
			);
			runOnlyForDeploymentPostprocessing = 0;
		};
		3A2EEA1923184CE50074EF79 /* Frameworks */ = {
			isa = PBXFrameworksBuildPhase;
			buildActionMask = 2147483647;
			files = (
			);
			runOnlyForDeploymentPostprocessing = 0;
		};
/* End PBXFrameworksBuildPhase section */

/* Begin PBXGroup section */
		3A2EE9F423184CE30074EF79 = {
			isa = PBXGroup;
			children = (
				3A2EE9FF23184CE30074EF79 /* IntroToUnitTestingLab */,
				3A2EEA1423184CE50074EF79 /* IntroToUnitTestingLabTests */,
				3A2EEA1F23184CE50074EF79 /* IntroToUnitTestingLabUITests */,
				3A2EE9FE23184CE30074EF79 /* Products */,
			);
			sourceTree = "<group>";
		};
		3A2EE9FE23184CE30074EF79 /* Products */ = {
			isa = PBXGroup;
			children = (
				3A2EE9FD23184CE30074EF79 /* IntroToUnitTestingLab.app */,
				3A2EEA1123184CE50074EF79 /* IntroToUnitTestingLabTests.xctest */,
				3A2EEA1C23184CE50074EF79 /* IntroToUnitTestingLabUITests.xctest */,
			);
			name = Products;
			sourceTree = "<group>";
		};
		3A2EE9FF23184CE30074EF79 /* IntroToUnitTestingLab */ = {
			isa = PBXGroup;
			children = (
				3A2EEA0023184CE30074EF79 /* AppDelegate.swift */,
				3A2EEA0423184CE30074EF79 /* Main.storyboard */,
				3A2EEA3D231860AD0074EF79 /* DetailViewControllers */,
				3A2EEA3923184EF10074EF79 /* Models */,
				3A2EEA3623184EBB0074EF79 /* JSONs */,
				3A2EEA3023184DF30074EF79 /* ViewControllers */,
				3A2EEA0723184CE50074EF79 /* Assets.xcassets */,
				3A2EEA0923184CE50074EF79 /* LaunchScreen.storyboard */,
				3A2EEA0C23184CE50074EF79 /* Info.plist */,
			);
			path = IntroToUnitTestingLab;
			sourceTree = "<group>";
		};
		3A2EEA1423184CE50074EF79 /* IntroToUnitTestingLabTests */ = {
			isa = PBXGroup;
			children = (
				3A2EEA1523184CE50074EF79 /* IntroToUnitTestingLabTests.swift */,
				3A2EEA1723184CE50074EF79 /* Info.plist */,
			);
			path = IntroToUnitTestingLabTests;
			sourceTree = "<group>";
		};
		3A2EEA1F23184CE50074EF79 /* IntroToUnitTestingLabUITests */ = {
			isa = PBXGroup;
			children = (
				3A2EEA2023184CE50074EF79 /* IntroToUnitTestingLabUITests.swift */,
				3A2EEA2223184CE50074EF79 /* Info.plist */,
			);
			path = IntroToUnitTestingLabUITests;
			sourceTree = "<group>";
		};
		3A2EEA3023184DF30074EF79 /* ViewControllers */ = {
			isa = PBXGroup;
			children = (
				3A2EEA3123184E050074EF79 /* JokesViewController.swift */,
				3A2EEA0223184CE30074EF79 /* StarWarsViewController.swift */,
				3A2EEA2E23184DAD0074EF79 /* TriviaViewController.swift */,
			);
			path = ViewControllers;
			sourceTree = "<group>";
		};
		3A2EEA3623184EBB0074EF79 /* JSONs */ = {
			isa = PBXGroup;
			children = (
				3A2EEA3323184EAB0074EF79 /* jokes.json */,
			);
			path = JSONs;
			sourceTree = "<group>";
		};
		3A2EEA3923184EF10074EF79 /* Models */ = {
			isa = PBXGroup;
			children = (
				3A2EEA3723184EE00074EF79 /* JokesModel.swift */,
			);
			path = Models;
			sourceTree = "<group>";
		};
		3A2EEA3D231860AD0074EF79 /* DetailViewControllers */ = {
			isa = PBXGroup;
			children = (
				3A2EEA3B23185F290074EF79 /* JokesDetailVC.swift */,
			);
			path = DetailViewControllers;
			sourceTree = "<group>";
		};
/* End PBXGroup section */

/* Begin PBXNativeTarget section */
		3A2EE9FC23184CE30074EF79 /* IntroToUnitTestingLab */ = {
			isa = PBXNativeTarget;
			buildConfigurationList = 3A2EEA2523184CE50074EF79 /* Build configuration list for PBXNativeTarget "IntroToUnitTestingLab" */;
			buildPhases = (
				3A2EE9F923184CE30074EF79 /* Sources */,
				3A2EE9FA23184CE30074EF79 /* Frameworks */,
				3A2EE9FB23184CE30074EF79 /* Resources */,
			);
			buildRules = (
			);
			dependencies = (
			);
			name = IntroToUnitTestingLab;
			productName = IntroToUnitTestingLab;
			productReference = 3A2EE9FD23184CE30074EF79 /* IntroToUnitTestingLab.app */;
			productType = "com.apple.product-type.application";
		};
		3A2EEA1023184CE50074EF79 /* IntroToUnitTestingLabTests */ = {
			isa = PBXNativeTarget;
			buildConfigurationList = 3A2EEA2823184CE50074EF79 /* Build configuration list for PBXNativeTarget "IntroToUnitTestingLabTests" */;
			buildPhases = (
				3A2EEA0D23184CE50074EF79 /* Sources */,
				3A2EEA0E23184CE50074EF79 /* Frameworks */,
				3A2EEA0F23184CE50074EF79 /* Resources */,
			);
			buildRules = (
			);
			dependencies = (
				3A2EEA1323184CE50074EF79 /* PBXTargetDependency */,
			);
			name = IntroToUnitTestingLabTests;
			productName = IntroToUnitTestingLabTests;
			productReference = 3A2EEA1123184CE50074EF79 /* IntroToUnitTestingLabTests.xctest */;
			productType = "com.apple.product-type.bundle.unit-test";
		};
		3A2EEA1B23184CE50074EF79 /* IntroToUnitTestingLabUITests */ = {
			isa = PBXNativeTarget;
			buildConfigurationList = 3A2EEA2B23184CE50074EF79 /* Build configuration list for PBXNativeTarget "IntroToUnitTestingLabUITests" */;
			buildPhases = (
				3A2EEA1823184CE50074EF79 /* Sources */,
				3A2EEA1923184CE50074EF79 /* Frameworks */,
				3A2EEA1A23184CE50074EF79 /* Resources */,
			);
			buildRules = (
			);
			dependencies = (
				3A2EEA1E23184CE50074EF79 /* PBXTargetDependency */,
			);
			name = IntroToUnitTestingLabUITests;
			productName = IntroToUnitTestingLabUITests;
			productReference = 3A2EEA1C23184CE50074EF79 /* IntroToUnitTestingLabUITests.xctest */;
			productType = "com.apple.product-type.bundle.ui-testing";
		};
/* End PBXNativeTarget section */

/* Begin PBXProject section */
		3A2EE9F523184CE30074EF79 /* Project object */ = {
			isa = PBXProject;
			attributes = {
				LastSwiftUpdateCheck = 1030;
				LastUpgradeCheck = 1030;
				ORGANIZATIONNAME = "Sam Roman";
				TargetAttributes = {
					3A2EE9FC23184CE30074EF79 = {
						CreatedOnToolsVersion = 10.3;
					};
					3A2EEA1023184CE50074EF79 = {
						CreatedOnToolsVersion = 10.3;
						TestTargetID = 3A2EE9FC23184CE30074EF79;
					};
					3A2EEA1B23184CE50074EF79 = {
						CreatedOnToolsVersion = 10.3;
						TestTargetID = 3A2EE9FC23184CE30074EF79;
					};
				};
			};
			buildConfigurationList = 3A2EE9F823184CE30074EF79 /* Build configuration list for PBXProject "IntroToUnitTestingLab" */;
			compatibilityVersion = "Xcode 9.3";
			developmentRegion = en;
			hasScannedForEncodings = 0;
			knownRegions = (
				en,
				Base,
			);
			mainGroup = 3A2EE9F423184CE30074EF79;
			productRefGroup = 3A2EE9FE23184CE30074EF79 /* Products */;
			projectDirPath = "";
			projectRoot = "";
			targets = (
				3A2EE9FC23184CE30074EF79 /* IntroToUnitTestingLab */,
				3A2EEA1023184CE50074EF79 /* IntroToUnitTestingLabTests */,
				3A2EEA1B23184CE50074EF79 /* IntroToUnitTestingLabUITests */,
			);
		};
/* End PBXProject section */

/* Begin PBXResourcesBuildPhase section */
		3A2EE9FB23184CE30074EF79 /* Resources */ = {
			isa = PBXResourcesBuildPhase;
			buildActionMask = 2147483647;
			files = (
				3A2EEA0B23184CE50074EF79 /* LaunchScreen.storyboard in Resources */,
				3A2EEA0823184CE50074EF79 /* Assets.xcassets in Resources */,
				3A2EEA3423184EAB0074EF79 /* jokes.json in Resources */,
				3A2EEA0623184CE30074EF79 /* Main.storyboard in Resources */,
			);
			runOnlyForDeploymentPostprocessing = 0;
		};
		3A2EEA0F23184CE50074EF79 /* Resources */ = {
			isa = PBXResourcesBuildPhase;
			buildActionMask = 2147483647;
			files = (
			);
			runOnlyForDeploymentPostprocessing = 0;
		};
		3A2EEA1A23184CE50074EF79 /* Resources */ = {
			isa = PBXResourcesBuildPhase;
			buildActionMask = 2147483647;
			files = (
			);
			runOnlyForDeploymentPostprocessing = 0;
		};
/* End PBXResourcesBuildPhase section */

/* Begin PBXSourcesBuildPhase section */
		3A2EE9F923184CE30074EF79 /* Sources */ = {
			isa = PBXSourcesBuildPhase;
			buildActionMask = 2147483647;
			files = (
				3A2EEA0323184CE30074EF79 /* StarWarsViewController.swift in Sources */,
				3A2EEA2F23184DAD0074EF79 /* TriviaViewController.swift in Sources */,
				3A2EEA3C23185F290074EF79 /* JokesDetailVC.swift in Sources */,
				3A2EEA0123184CE30074EF79 /* AppDelegate.swift in Sources */,
				3A2EEA3823184EE00074EF79 /* JokesModel.swift in Sources */,
				3A2EEA3223184E050074EF79 /* JokesViewController.swift in Sources */,
			);
			runOnlyForDeploymentPostprocessing = 0;
		};
		3A2EEA0D23184CE50074EF79 /* Sources */ = {
			isa = PBXSourcesBuildPhase;
			buildActionMask = 2147483647;
			files = (
				3A2EEA1623184CE50074EF79 /* IntroToUnitTestingLabTests.swift in Sources */,
			);
			runOnlyForDeploymentPostprocessing = 0;
		};
		3A2EEA1823184CE50074EF79 /* Sources */ = {
			isa = PBXSourcesBuildPhase;
			buildActionMask = 2147483647;
			files = (
				3A2EEA2123184CE50074EF79 /* IntroToUnitTestingLabUITests.swift in Sources */,
			);
			runOnlyForDeploymentPostprocessing = 0;
		};
/* End PBXSourcesBuildPhase section */

/* Begin PBXTargetDependency section */
		3A2EEA1323184CE50074EF79 /* PBXTargetDependency */ = {
			isa = PBXTargetDependency;
			target = 3A2EE9FC23184CE30074EF79 /* IntroToUnitTestingLab */;
			targetProxy = 3A2EEA1223184CE50074EF79 /* PBXContainerItemProxy */;
		};
		3A2EEA1E23184CE50074EF79 /* PBXTargetDependency */ = {
			isa = PBXTargetDependency;
			target = 3A2EE9FC23184CE30074EF79 /* IntroToUnitTestingLab */;
			targetProxy = 3A2EEA1D23184CE50074EF79 /* PBXContainerItemProxy */;
		};
/* End PBXTargetDependency section */

/* Begin PBXVariantGroup section */
		3A2EEA0423184CE30074EF79 /* Main.storyboard */ = {
			isa = PBXVariantGroup;
			children = (
				3A2EEA0523184CE30074EF79 /* Base */,
			);
			name = Main.storyboard;
			sourceTree = "<group>";
		};
		3A2EEA0923184CE50074EF79 /* LaunchScreen.storyboard */ = {
			isa = PBXVariantGroup;
			children = (
				3A2EEA0A23184CE50074EF79 /* Base */,
			);
			name = LaunchScreen.storyboard;
			sourceTree = "<group>";
		};
/* End PBXVariantGroup section */

/* Begin XCBuildConfiguration section */
		3A2EEA2323184CE50074EF79 /* Debug */ = {
			isa = XCBuildConfiguration;
			buildSettings = {
				ALWAYS_SEARCH_USER_PATHS = NO;
				CLANG_ANALYZER_NONNULL = YES;
				CLANG_ANALYZER_NUMBER_OBJECT_CONVERSION = YES_AGGRESSIVE;
				CLANG_CXX_LANGUAGE_STANDARD = "gnu++14";
				CLANG_CXX_LIBRARY = "libc++";
				CLANG_ENABLE_MODULES = YES;
				CLANG_ENABLE_OBJC_ARC = YES;
				CLANG_ENABLE_OBJC_WEAK = YES;
				CLANG_WARN_BLOCK_CAPTURE_AUTORELEASING = YES;
				CLANG_WARN_BOOL_CONVERSION = YES;
				CLANG_WARN_COMMA = YES;
				CLANG_WARN_CONSTANT_CONVERSION = YES;
				CLANG_WARN_DEPRECATED_OBJC_IMPLEMENTATIONS = YES;
				CLANG_WARN_DIRECT_OBJC_ISA_USAGE = YES_ERROR;
				CLANG_WARN_DOCUMENTATION_COMMENTS = YES;
				CLANG_WARN_EMPTY_BODY = YES;
				CLANG_WARN_ENUM_CONVERSION = YES;
				CLANG_WARN_INFINITE_RECURSION = YES;
				CLANG_WARN_INT_CONVERSION = YES;
				CLANG_WARN_NON_LITERAL_NULL_CONVERSION = YES;
				CLANG_WARN_OBJC_IMPLICIT_RETAIN_SELF = YES;
				CLANG_WARN_OBJC_LITERAL_CONVERSION = YES;
				CLANG_WARN_OBJC_ROOT_CLASS = YES_ERROR;
				CLANG_WARN_RANGE_LOOP_ANALYSIS = YES;
				CLANG_WARN_STRICT_PROTOTYPES = YES;
				CLANG_WARN_SUSPICIOUS_MOVE = YES;
				CLANG_WARN_UNGUARDED_AVAILABILITY = YES_AGGRESSIVE;
				CLANG_WARN_UNREACHABLE_CODE = YES;
				CLANG_WARN__DUPLICATE_METHOD_MATCH = YES;
				CODE_SIGN_IDENTITY = "iPhone Developer";
				COPY_PHASE_STRIP = NO;
				DEBUG_INFORMATION_FORMAT = dwarf;
				ENABLE_STRICT_OBJC_MSGSEND = YES;
				ENABLE_TESTABILITY = YES;
				GCC_C_LANGUAGE_STANDARD = gnu11;
				GCC_DYNAMIC_NO_PIC = NO;
				GCC_NO_COMMON_BLOCKS = YES;
				GCC_OPTIMIZATION_LEVEL = 0;
				GCC_PREPROCESSOR_DEFINITIONS = (
					"DEBUG=1",
					"$(inherited)",
				);
				GCC_WARN_64_TO_32_BIT_CONVERSION = YES;
				GCC_WARN_ABOUT_RETURN_TYPE = YES_ERROR;
				GCC_WARN_UNDECLARED_SELECTOR = YES;
				GCC_WARN_UNINITIALIZED_AUTOS = YES_AGGRESSIVE;
				GCC_WARN_UNUSED_FUNCTION = YES;
				GCC_WARN_UNUSED_VARIABLE = YES;
				IPHONEOS_DEPLOYMENT_TARGET = 12.4;
				MTL_ENABLE_DEBUG_INFO = INCLUDE_SOURCE;
				MTL_FAST_MATH = YES;
				ONLY_ACTIVE_ARCH = YES;
				SDKROOT = iphoneos;
				SWIFT_ACTIVE_COMPILATION_CONDITIONS = DEBUG;
				SWIFT_OPTIMIZATION_LEVEL = "-Onone";
			};
			name = Debug;
		};
		3A2EEA2423184CE50074EF79 /* Release */ = {
			isa = XCBuildConfiguration;
			buildSettings = {
				ALWAYS_SEARCH_USER_PATHS = NO;
				CLANG_ANALYZER_NONNULL = YES;
				CLANG_ANALYZER_NUMBER_OBJECT_CONVERSION = YES_AGGRESSIVE;
				CLANG_CXX_LANGUAGE_STANDARD = "gnu++14";
				CLANG_CXX_LIBRARY = "libc++";
				CLANG_ENABLE_MODULES = YES;
				CLANG_ENABLE_OBJC_ARC = YES;
				CLANG_ENABLE_OBJC_WEAK = YES;
				CLANG_WARN_BLOCK_CAPTURE_AUTORELEASING = YES;
				CLANG_WARN_BOOL_CONVERSION = YES;
				CLANG_WARN_COMMA = YES;
				CLANG_WARN_CONSTANT_CONVERSION = YES;
				CLANG_WARN_DEPRECATED_OBJC_IMPLEMENTATIONS = YES;
				CLANG_WARN_DIRECT_OBJC_ISA_USAGE = YES_ERROR;
				CLANG_WARN_DOCUMENTATION_COMMENTS = YES;
				CLANG_WARN_EMPTY_BODY = YES;
				CLANG_WARN_ENUM_CONVERSION = YES;
				CLANG_WARN_INFINITE_RECURSION = YES;
				CLANG_WARN_INT_CONVERSION = YES;
				CLANG_WARN_NON_LITERAL_NULL_CONVERSION = YES;
				CLANG_WARN_OBJC_IMPLICIT_RETAIN_SELF = YES;
				CLANG_WARN_OBJC_LITERAL_CONVERSION = YES;
				CLANG_WARN_OBJC_ROOT_CLASS = YES_ERROR;
				CLANG_WARN_RANGE_LOOP_ANALYSIS = YES;
				CLANG_WARN_STRICT_PROTOTYPES = YES;
				CLANG_WARN_SUSPICIOUS_MOVE = YES;
				CLANG_WARN_UNGUARDED_AVAILABILITY = YES_AGGRESSIVE;
				CLANG_WARN_UNREACHABLE_CODE = YES;
				CLANG_WARN__DUPLICATE_METHOD_MATCH = YES;
				CODE_SIGN_IDENTITY = "iPhone Developer";
				COPY_PHASE_STRIP = NO;
				DEBUG_INFORMATION_FORMAT = "dwarf-with-dsym";
				ENABLE_NS_ASSERTIONS = NO;
				ENABLE_STRICT_OBJC_MSGSEND = YES;
				GCC_C_LANGUAGE_STANDARD = gnu11;
				GCC_NO_COMMON_BLOCKS = YES;
				GCC_WARN_64_TO_32_BIT_CONVERSION = YES;
				GCC_WARN_ABOUT_RETURN_TYPE = YES_ERROR;
				GCC_WARN_UNDECLARED_SELECTOR = YES;
				GCC_WARN_UNINITIALIZED_AUTOS = YES_AGGRESSIVE;
				GCC_WARN_UNUSED_FUNCTION = YES;
				GCC_WARN_UNUSED_VARIABLE = YES;
				IPHONEOS_DEPLOYMENT_TARGET = 12.4;
				MTL_ENABLE_DEBUG_INFO = NO;
				MTL_FAST_MATH = YES;
				SDKROOT = iphoneos;
				SWIFT_COMPILATION_MODE = wholemodule;
				SWIFT_OPTIMIZATION_LEVEL = "-O";
				VALIDATE_PRODUCT = YES;
			};
			name = Release;
		};
		3A2EEA2623184CE50074EF79 /* Debug */ = {
			isa = XCBuildConfiguration;
			buildSettings = {
				ASSETCATALOG_COMPILER_APPICON_NAME = AppIcon;
				CODE_SIGN_STYLE = Automatic;
				DEVELOPMENT_TEAM = BHJSDBBPS7;
				INFOPLIST_FILE = IntroToUnitTestingLab/Info.plist;
				LD_RUNPATH_SEARCH_PATHS = (
					"$(inherited)",
					"@executable_path/Frameworks",
				);
				PRODUCT_BUNDLE_IDENTIFIER = pursuit.IntroToUnitTestingLab;
				PRODUCT_NAME = "$(TARGET_NAME)";
				SWIFT_VERSION = 5.0;
				TARGETED_DEVICE_FAMILY = "1,2";
			};
			name = Debug;
		};
		3A2EEA2723184CE50074EF79 /* Release */ = {
			isa = XCBuildConfiguration;
			buildSettings = {
				ASSETCATALOG_COMPILER_APPICON_NAME = AppIcon;
				CODE_SIGN_STYLE = Automatic;
				DEVELOPMENT_TEAM = BHJSDBBPS7;
				INFOPLIST_FILE = IntroToUnitTestingLab/Info.plist;
				LD_RUNPATH_SEARCH_PATHS = (
					"$(inherited)",
					"@executable_path/Frameworks",
				);
				PRODUCT_BUNDLE_IDENTIFIER = pursuit.IntroToUnitTestingLab;
				PRODUCT_NAME = "$(TARGET_NAME)";
				SWIFT_VERSION = 5.0;
				TARGETED_DEVICE_FAMILY = "1,2";
			};
			name = Release;
		};
		3A2EEA2923184CE50074EF79 /* Debug */ = {
			isa = XCBuildConfiguration;
			buildSettings = {
				ALWAYS_EMBED_SWIFT_STANDARD_LIBRARIES = YES;
				BUNDLE_LOADER = "$(TEST_HOST)";
				CODE_SIGN_STYLE = Automatic;
				DEVELOPMENT_TEAM = BHJSDBBPS7;
				INFOPLIST_FILE = IntroToUnitTestingLabTests/Info.plist;
				LD_RUNPATH_SEARCH_PATHS = (
					"$(inherited)",
					"@executable_path/Frameworks",
					"@loader_path/Frameworks",
				);
				PRODUCT_BUNDLE_IDENTIFIER = pursuit.IntroToUnitTestingLabTests;
				PRODUCT_NAME = "$(TARGET_NAME)";
				SWIFT_VERSION = 5.0;
				TARGETED_DEVICE_FAMILY = "1,2";
				TEST_HOST = "$(BUILT_PRODUCTS_DIR)/IntroToUnitTestingLab.app/IntroToUnitTestingLab";
			};
			name = Debug;
		};
		3A2EEA2A23184CE50074EF79 /* Release */ = {
			isa = XCBuildConfiguration;
			buildSettings = {
				ALWAYS_EMBED_SWIFT_STANDARD_LIBRARIES = YES;
				BUNDLE_LOADER = "$(TEST_HOST)";
				CODE_SIGN_STYLE = Automatic;
				DEVELOPMENT_TEAM = BHJSDBBPS7;
				INFOPLIST_FILE = IntroToUnitTestingLabTests/Info.plist;
				LD_RUNPATH_SEARCH_PATHS = (
					"$(inherited)",
					"@executable_path/Frameworks",
					"@loader_path/Frameworks",
				);
				PRODUCT_BUNDLE_IDENTIFIER = pursuit.IntroToUnitTestingLabTests;
				PRODUCT_NAME = "$(TARGET_NAME)";
				SWIFT_VERSION = 5.0;
				TARGETED_DEVICE_FAMILY = "1,2";
				TEST_HOST = "$(BUILT_PRODUCTS_DIR)/IntroToUnitTestingLab.app/IntroToUnitTestingLab";
			};
			name = Release;
		};
		3A2EEA2C23184CE50074EF79 /* Debug */ = {
			isa = XCBuildConfiguration;
			buildSettings = {
				ALWAYS_EMBED_SWIFT_STANDARD_LIBRARIES = YES;
				CODE_SIGN_STYLE = Automatic;
				DEVELOPMENT_TEAM = BHJSDBBPS7;
				INFOPLIST_FILE = IntroToUnitTestingLabUITests/Info.plist;
				LD_RUNPATH_SEARCH_PATHS = (
					"$(inherited)",
					"@executable_path/Frameworks",
					"@loader_path/Frameworks",
				);
				PRODUCT_BUNDLE_IDENTIFIER = pursuit.IntroToUnitTestingLabUITests;
				PRODUCT_NAME = "$(TARGET_NAME)";
				SWIFT_VERSION = 5.0;
				TARGETED_DEVICE_FAMILY = "1,2";
				TEST_TARGET_NAME = IntroToUnitTestingLab;
			};
			name = Debug;
		};
		3A2EEA2D23184CE50074EF79 /* Release */ = {
			isa = XCBuildConfiguration;
			buildSettings = {
				ALWAYS_EMBED_SWIFT_STANDARD_LIBRARIES = YES;
				CODE_SIGN_STYLE = Automatic;
				DEVELOPMENT_TEAM = BHJSDBBPS7;
				INFOPLIST_FILE = IntroToUnitTestingLabUITests/Info.plist;
				LD_RUNPATH_SEARCH_PATHS = (
					"$(inherited)",
					"@executable_path/Frameworks",
					"@loader_path/Frameworks",
				);
				PRODUCT_BUNDLE_IDENTIFIER = pursuit.IntroToUnitTestingLabUITests;
				PRODUCT_NAME = "$(TARGET_NAME)";
				SWIFT_VERSION = 5.0;
				TARGETED_DEVICE_FAMILY = "1,2";
				TEST_TARGET_NAME = IntroToUnitTestingLab;
			};
			name = Release;
		};
/* End XCBuildConfiguration section */

/* Begin XCConfigurationList section */
		3A2EE9F823184CE30074EF79 /* Build configuration list for PBXProject "IntroToUnitTestingLab" */ = {
			isa = XCConfigurationList;
			buildConfigurations = (
				3A2EEA2323184CE50074EF79 /* Debug */,
				3A2EEA2423184CE50074EF79 /* Release */,
			);
			defaultConfigurationIsVisible = 0;
			defaultConfigurationName = Release;
		};
		3A2EEA2523184CE50074EF79 /* Build configuration list for PBXNativeTarget "IntroToUnitTestingLab" */ = {
			isa = XCConfigurationList;
			buildConfigurations = (
				3A2EEA2623184CE50074EF79 /* Debug */,
				3A2EEA2723184CE50074EF79 /* Release */,
			);
			defaultConfigurationIsVisible = 0;
			defaultConfigurationName = Release;
		};
		3A2EEA2823184CE50074EF79 /* Build configuration list for PBXNativeTarget "IntroToUnitTestingLabTests" */ = {
			isa = XCConfigurationList;
			buildConfigurations = (
				3A2EEA2923184CE50074EF79 /* Debug */,
				3A2EEA2A23184CE50074EF79 /* Release */,
			);
			defaultConfigurationIsVisible = 0;
			defaultConfigurationName = Release;
		};
		3A2EEA2B23184CE50074EF79 /* Build configuration list for PBXNativeTarget "IntroToUnitTestingLabUITests" */ = {
			isa = XCConfigurationList;
			buildConfigurations = (
				3A2EEA2C23184CE50074EF79 /* Debug */,
				3A2EEA2D23184CE50074EF79 /* Release */,
			);
			defaultConfigurationIsVisible = 0;
			defaultConfigurationName = Release;
		};
/* End XCConfigurationList section */
	};
	rootObject = 3A2EE9F523184CE30074EF79 /* Project object */;
}
